
Microsoft Visual Studio Solution File, Format Version 12.00
# Visual Studio 15
VisualStudioVersion = 15.0.28010.2026
MinimumVisualStudioVersion = 10.0.40219.1
Project("{FAE04EC0-301F-11D3-BF4B-00C04F79EFBC}") = "QuanLyNhaSach", "QuanLyNhaSach\QuanLyNhaSach.csproj", "{AD7662A8-3046-41A8-9E69-60512D4DED6E}"
EndProject
Global
	GlobalSection(SolutionConfigurationPlatforms) = preSolution
		Debug|Any CPU = Debug|Any CPU
		Release|Any CPU = Release|Any CPU
	EndGlobalSection
	GlobalSection(ProjectConfigurationPlatforms) = postSolution
		{AD7662A8-3046-41A8-9E69-60512D4DED6E}.Debug|Any CPU.ActiveCfg = Debug|Any CPU
		{AD7662A8-3046-41A8-9E69-60512D4DED6E}.Debug|Any CPU.Build.0 = Debug|Any CPU
		{AD7662A8-3046-41A8-9E69-60512D4DED6E}.Release|Any CPU.ActiveCfg = Release|Any CPU
		{AD7662A8-3046-41A8-9E69-60512D4DED6E}.Release|Any CPU.Build.0 = Release|Any CPU
	EndGlobalSection
	GlobalSection(SolutionProperties) = preSolution
		HideSolutionNode = FALSE
	EndGlobalSection
	GlobalSection(ExtensibilityGlobals) = postSolution
		SolutionGuid = {5DC42245-9219-4A26-AE3D-8D7A18ACE91A}
	EndGlobalSection
EndGlobal
